// !$*UTF8*$!
{
	archiveVersion = 1;
	classes = {
	};
	objectVersion = 77;
	objects = {

/* Begin PBXBuildFile section */
		A0A332D82EB6B17B000A0EB0 /* GoogleGenerativeAI in Frameworks */ = {isa = PBXBuildFile; productRef = A0A332D72EB6B17B000A0EB0 /* GoogleGenerativeAI */; };
		A0E79CFD2EB6C37F00D07E1F /* FoodRepoClient.swift in Sources */ = {isa = PBXBuildFile; fileRef = A0E79CFC2EB6C37F00D07E1F /* FoodRepoClient.swift */; };
		A0E79CFF2EB6C38800D07E1F /* FoodSearchView.swift in Sources */ = {isa = PBXBuildFile; fileRef = A0E79CFE2EB6C38800D07E1F /* FoodSearchView.swift */; };
		A0E79D012EB6C3EB00D07E1F /* BarcodeScannerView.swift in Sources */ = {isa = PBXBuildFile; fileRef = A0E79D002EB6C3EB00D07E1F /* BarcodeScannerView.swift */; };
		A0E79D032EB6C79800D07E1F /* AnalyticsView.swift in Sources */ = {isa = PBXBuildFile; fileRef = A0E79D022EB6C79800D07E1F /* AnalyticsView.swift */; };
		A0E79D052EB6D43500D07E1F /* FoodRepoModels.swift in Sources */ = {isa = PBXBuildFile; fileRef = A0E79D042EB6D42700D07E1F /* FoodRepoModels.swift */; };
		A0F7FD712EAAC1EF002683D0 /* BalanceApp.swift in Sources */ = {isa = PBXBuildFile; fileRef = A0F7FD702EAAC1EF002683D0 /* BalanceApp.swift */; };
		A0F7FD732EAAC1EF002683D0 /* ContentView.swift in Sources */ = {isa = PBXBuildFile; fileRef = A0F7FD722EAAC1EF002683D0 /* ContentView.swift */; };
		A0F7FD752EAAC1F0002683D0 /* Assets.xcassets in Resources */ = {isa = PBXBuildFile; fileRef = A0F7FD742EAAC1F0002683D0 /* Assets.xcassets */; };
		A0F7FD772EAAC1F0002683D0 /* Persistence.swift in Sources */ = {isa = PBXBuildFile; fileRef = A0F7FD762EAAC1F0002683D0 /* Persistence.swift */; };
		A0F7FD7A2EAAC1F0002683D0 /* Balance.xcdatamodeld in Sources */ = {isa = PBXBuildFile; fileRef = A0F7FD782EAAC1F0002683D0 /* Balance.xcdatamodeld */; };
		A0F7FD8D2EAAC873002683D0 /* AddMealView.swift in Sources */ = {isa = PBXBuildFile; fileRef = A0F7FD8C2EAAC873002683D0 /* AddMealView.swift */; };
		A0F7FD8F2EAAD379002683D0 /* architecture.swift in Sources */ = {isa = PBXBuildFile; fileRef = A0F7FD8E2EAAD369002683D0 /* architecture.swift */; };
/* End PBXBuildFile section */

/* Begin PBXFileReference section */
		A0E79CFC2EB6C37F00D07E1F /* FoodRepoClient.swift */ = {isa = PBXFileReference; lastKnownFileType = sourcecode.swift; path = FoodRepoClient.swift; sourceTree = "<group>"; };
		A0E79CFE2EB6C38800D07E1F /* FoodSearchView.swift */ = {isa = PBXFileReference; lastKnownFileType = sourcecode.swift; path = FoodSearchView.swift; sourceTree = "<group>"; };
		A0E79D002EB6C3EB00D07E1F /* BarcodeScannerView.swift */ = {isa = PBXFileReference; lastKnownFileType = sourcecode.swift; path = BarcodeScannerView.swift; sourceTree = "<group>"; };
		A0E79D022EB6C79800D07E1F /* AnalyticsView.swift */ = {isa = PBXFileReference; lastKnownFileType = sourcecode.swift; path = AnalyticsView.swift; sourceTree = "<group>"; };
		A0E79D042EB6D42700D07E1F /* FoodRepoModels.swift */ = {isa = PBXFileReference; lastKnownFileType = sourcecode.swift; path = FoodRepoModels.swift; sourceTree = "<group>"; };
		A0F7FD6D2EAAC1EF002683D0 /* Balance.app */ = {isa = PBXFileReference; explicitFileType = wrapper.application; includeInIndex = 0; path = Balance.app; sourceTree = BUILT_PRODUCTS_DIR; };
		A0F7FD702EAAC1EF002683D0 /* BalanceApp.swift */ = {isa = PBXFileReference; lastKnownFileType = sourcecode.swift; path = BalanceApp.swift; sourceTree = "<group>"; };
		A0F7FD722EAAC1EF002683D0 /* ContentView.swift */ = {isa = PBXFileReference; lastKnownFileType = sourcecode.swift; path = ContentView.swift; sourceTree = "<group>"; };
		A0F7FD742EAAC1F0002683D0 /* Assets.xcassets */ = {isa = PBXFileReference; lastKnownFileType = folder.assetcatalog; path = Assets.xcassets; sourceTree = "<group>"; };
		A0F7FD762EAAC1F0002683D0 /* Persistence.swift */ = {isa = PBXFileReference; lastKnownFileType = sourcecode.swift; path = Persistence.swift; sourceTree = "<group>"; };
		A0F7FD792EAAC1F0002683D0 /* Balance.xcdatamodel */ = {isa = PBXFileReference; lastKnownFileType = wrapper.xcdatamodel; path = Balance.xcdatamodel; sourceTree = "<group>"; };
		A0F7FD8C2EAAC873002683D0 /* AddMealView.swift */ = {isa = PBXFileReference; lastKnownFileType = sourcecode.swift; path = AddMealView.swift; sourceTree = "<group>"; };
		A0F7FD8E2EAAD369002683D0 /* architecture.swift */ = {isa = PBXFileReference; lastKnownFileType = sourcecode.swift; path = architecture.swift; sourceTree = "<group>"; };
/* End PBXFileReference section */

/* Begin PBXFileSystemSynchronizedRootGroup section */
		A0F7FD8B2EAAC3E4002683D0 /* Extensions */ = {
			isa = PBXFileSystemSynchronizedRootGroup;
			path = Extensions;
			sourceTree = "<group>";
		};
/* End PBXFileSystemSynchronizedRootGroup section */

/* Begin PBXFrameworksBuildPhase section */
		A0F7FD6A2EAAC1EF002683D0 /* Frameworks */ = {
			isa = PBXFrameworksBuildPhase;
			buildActionMask = 2147483647;
			files = (
				A0A332D82EB6B17B000A0EB0 /* GoogleGenerativeAI in Frameworks */,
			);
			runOnlyForDeploymentPostprocessing = 0;
		};
/* End PBXFrameworksBuildPhase section */

/* Begin PBXGroup section */
		A0F7FD642EAAC1EF002683D0 = {
			isa = PBXGroup;
			children = (
				A0F7FD8E2EAAD369002683D0 /* architecture.swift */,
				A0F7FD812EAAC2D1002683D0 /* Frontend */,
				A0F7FD822EAAC2E9002683D0 /* Backend */,
				A0F7FD8B2EAAC3E4002683D0 /* Extensions */,
				A0F7FD702EAAC1EF002683D0 /* BalanceApp.swift */,
				A0F7FD742EAAC1F0002683D0 /* Assets.xcassets */,
				A0F7FD6E2EAAC1EF002683D0 /* Products */,
			);
			sourceTree = "<group>";
		};
		A0F7FD6E2EAAC1EF002683D0 /* Products */ = {
			isa = PBXGroup;
			children = (
				A0F7FD6D2EAAC1EF002683D0 /* Balance.app */,
			);
			name = Products;
			sourceTree = "<group>";
		};
		A0F7FD812EAAC2D1002683D0 /* Frontend */ = {
			isa = PBXGroup;
			children = (
				A0F7FD842EAAC344002683D0 /* Components */,
				A0F7FD852EAAC353002683D0 /* Resources */,
				A0F7FD832EAAC32D002683D0 /* Views */,
			);
			path = Frontend;
			sourceTree = "<group>";
		};
		A0F7FD822EAAC2E9002683D0 /* Backend */ = {
			isa = PBXGroup;
			children = (
				A0F7FD862EAAC365002683D0 /* Models */,
				A0F7FD872EAAC36F002683D0 /* ViewModels */,
				A0F7FD882EAAC381002683D0 /* Services */,
			);
			path = Backend;
			sourceTree = "<group>";
		};
		A0F7FD832EAAC32D002683D0 /* Views */ = {
			isa = PBXGroup;
			children = (
				A0E79D042EB6D42700D07E1F /* FoodRepoModels.swift */,
				A0F7FD8C2EAAC873002683D0 /* AddMealView.swift */,
				A0F7FD722EAAC1EF002683D0 /* ContentView.swift */,
				A0E79CFC2EB6C37F00D07E1F /* FoodRepoClient.swift */,
				A0E79CFE2EB6C38800D07E1F /* FoodSearchView.swift */,
				A0E79D002EB6C3EB00D07E1F /* BarcodeScannerView.swift */,
				A0E79D022EB6C79800D07E1F /* AnalyticsView.swift */,
			);
			path = Views;
			sourceTree = "<group>";
		};
		A0F7FD842EAAC344002683D0 /* Components */ = {
			isa = PBXGroup;
			children = (
			);
			path = Components;
			sourceTree = "<group>";
		};
		A0F7FD852EAAC353002683D0 /* Resources */ = {
			isa = PBXGroup;
			children = (
			);
			path = Resources;
			sourceTree = "<group>";
		};
		A0F7FD862EAAC365002683D0 /* Models */ = {
			isa = PBXGroup;
			children = (
				A0F7FD782EAAC1F0002683D0 /* Balance.xcdatamodeld */,
			);
			path = Models;
			sourceTree = "<group>";
		};
		A0F7FD872EAAC36F002683D0 /* ViewModels */ = {
			isa = PBXGroup;
			children = (
			);
			path = ViewModels;
			sourceTree = "<group>";
		};
		A0F7FD882EAAC381002683D0 /* Services */ = {
			isa = PBXGroup;
			children = (
				A0F7FD762EAAC1F0002683D0 /* Persistence.swift */,
			);
			path = Services;
			sourceTree = "<group>";
		};
/* End PBXGroup section */

/* Begin PBXNativeTarget section */
		A0F7FD6C2EAAC1EF002683D0 /* Balance */ = {
			isa = PBXNativeTarget;
			buildConfigurationList = A0F7FD7D2EAAC1F0002683D0 /* Build configuration list for PBXNativeTarget "Balance" */;
			buildPhases = (
				A0F7FD692EAAC1EF002683D0 /* Sources */,
				A0F7FD6A2EAAC1EF002683D0 /* Frameworks */,
				A0F7FD6B2EAAC1EF002683D0 /* Resources */,
			);
			buildRules = (
			);
			dependencies = (
			);
			fileSystemSynchronizedGroups = (
				A0F7FD8B2EAAC3E4002683D0 /* Extensions */,
			);
			name = Balance;
			packageProductDependencies = (
				A0A332D72EB6B17B000A0EB0 /* GoogleGenerativeAI */,
			);
			productName = Balance;
			productReference = A0F7FD6D2EAAC1EF002683D0 /* Balance.app */;
			productType = "com.apple.product-type.application";
		};
/* End PBXNativeTarget section */

/* Begin PBXProject section */
		A0F7FD652EAAC1EF002683D0 /* Project object */ = {
			isa = PBXProject;
			attributes = {
				BuildIndependentTargetsInParallel = 1;
				LastSwiftUpdateCheck = 2600;
				LastUpgradeCheck = 2600;
				TargetAttributes = {
					A0F7FD6C2EAAC1EF002683D0 = {
						CreatedOnToolsVersion = 26.0.1;
					};
				};
			};
			buildConfigurationList = A0F7FD682EAAC1EF002683D0 /* Build configuration list for PBXProject "Balance" */;
			developmentRegion = en;
			hasScannedForEncodings = 0;
			knownRegions = (
				en,
				Base,
			);
			mainGroup = A0F7FD642EAAC1EF002683D0;
			minimizedProjectReferenceProxies = 1;
			packageReferences = (
				A0A332D62EB6B17B000A0EB0 /* XCRemoteSwiftPackageReference "generative-ai-swift" */,
			);
			preferredProjectObjectVersion = 77;
			productRefGroup = A0F7FD6E2EAAC1EF002683D0 /* Products */;
			projectDirPath = "";
			projectRoot = "";
			targets = (
				A0F7FD6C2EAAC1EF002683D0 /* Balance */,
			);
		};
/* End PBXProject section */

/* Begin PBXResourcesBuildPhase section */
		A0F7FD6B2EAAC1EF002683D0 /* Resources */ = {
			isa = PBXResourcesBuildPhase;
			buildActionMask = 2147483647;
			files = (
				A0F7FD752EAAC1F0002683D0 /* Assets.xcassets in Resources */,
			);
			runOnlyForDeploymentPostprocessing = 0;
		};
/* End PBXResourcesBuildPhase section */

/* Begin PBXSourcesBuildPhase section */
		A0F7FD692EAAC1EF002683D0 /* Sources */ = {
			isa = PBXSourcesBuildPhase;
			buildActionMask = 2147483647;
			files = (
				A0E79CFF2EB6C38800D07E1F /* FoodSearchView.swift in Sources */,
				A0F7FD772EAAC1F0002683D0 /* Persistence.swift in Sources */,
				A0F7FD732EAAC1EF002683D0 /* ContentView.swift in Sources */,
				A0E79D032EB6C79800D07E1F /* AnalyticsView.swift in Sources */,
				A0F7FD7A2EAAC1F0002683D0 /* Balance.xcdatamodeld in Sources */,
				A0F7FD712EAAC1EF002683D0 /* BalanceApp.swift in Sources */,
				A0E79D052EB6D43500D07E1F /* FoodRepoModels.swift in Sources */,
				A0F7FD8F2EAAD379002683D0 /* architecture.swift in Sources */,
				A0E79D012EB6C3EB00D07E1F /* BarcodeScannerView.swift in Sources */,
				A0E79CFD2EB6C37F00D07E1F /* FoodRepoClient.swift in Sources */,
				A0F7FD8D2EAAC873002683D0 /* AddMealView.swift in Sources */,
			);
			runOnlyForDeploymentPostprocessing = 0;
		};
/* End PBXSourcesBuildPhase section */

/* Begin XCBuildConfiguration section */
		A0F7FD7B2EAAC1F0002683D0 /* Debug */ = {
			isa = XCBuildConfiguration;
			buildSettings = {
				ALWAYS_SEARCH_USER_PATHS = NO;
				ASSETCATALOG_COMPILER_GENERATE_SWIFT_ASSET_SYMBOL_EXTENSIONS = YES;
				CLANG_ANALYZER_NONNULL = YES;
				CLANG_ANALYZER_NUMBER_OBJECT_CONVERSION = YES_AGGRESSIVE;
				CLANG_CXX_LANGUAGE_STANDARD = "gnu++20";
				CLANG_ENABLE_MODULES = YES;
				CLANG_ENABLE_OBJC_ARC = YES;
				CLANG_ENABLE_OBJC_WEAK = YES;
				CLANG_WARN_BLOCK_CAPTURE_AUTORELEASING = YES;
				CLANG_WARN_BOOL_CONVERSION = YES;
				CLANG_WARN_COMMA = YES;
				CLANG_WARN_CONSTANT_CONVERSION = YES;
				CLANG_WARN_DEPRECATED_OBJC_IMPLEMENTATIONS = YES;
				CLANG_WARN_DIRECT_OBJC_ISA_USAGE = YES_ERROR;
				CLANG_WARN_DOCUMENTATION_COMMENTS = YES;
				CLANG_WARN_EMPTY_BODY = YES;
				CLANG_WARN_ENUM_CONVERSION = YES;
				CLANG_WARN_INFINITE_RECURSION = YES;
				CLANG_WARN_INT_CONVERSION = YES;
				CLANG_WARN_NON_LITERAL_NULL_CONVERSION = YES;
				CLANG_WARN_OBJC_IMPLICIT_RETAIN_SELF = YES;
				CLANG_WARN_OBJC_LITERAL_CONVERSION = YES;
				CLANG_WARN_OBJC_ROOT_CLASS = YES_ERROR;
				CLANG_WARN_QUOTED_INCLUDE_IN_FRAMEWORK_HEADER = YES;
				CLANG_WARN_RANGE_LOOP_ANALYSIS = YES;
				CLANG_WARN_STRICT_PROTOTYPES = YES;
				CLANG_WARN_SUSPICIOUS_MOVE = YES;
				CLANG_WARN_UNGUARDED_AVAILABILITY = YES_AGGRESSIVE;
				CLANG_WARN_UNREACHABLE_CODE = YES;
				CLANG_WARN__DUPLICATE_METHOD_MATCH = YES;
				COPY_PHASE_STRIP = NO;
				DEBUG_INFORMATION_FORMAT = dwarf;
				ENABLE_STRICT_OBJC_MSGSEND = YES;
				ENABLE_TESTABILITY = YES;
				ENABLE_USER_SCRIPT_SANDBOXING = YES;
				GCC_C_LANGUAGE_STANDARD = gnu17;
				GCC_DYNAMIC_NO_PIC = NO;
				GCC_NO_COMMON_BLOCKS = YES;
				GCC_OPTIMIZATION_LEVEL = 0;
				GCC_PREPROCESSOR_DEFINITIONS = (
					"DEBUG=1",
					"$(inherited)",
				);
				GCC_WARN_64_TO_32_BIT_CONVERSION = YES;
				GCC_WARN_ABOUT_RETURN_TYPE = YES_ERROR;
				GCC_WARN_UNDECLARED_SELECTOR = YES;
				GCC_WARN_UNINITIALIZED_AUTOS = YES_AGGRESSIVE;
				GCC_WARN_UNUSED_FUNCTION = YES;
				GCC_WARN_UNUSED_VARIABLE = YES;
				IPHONEOS_DEPLOYMENT_TARGET = 26.0;
				LOCALIZATION_PREFERS_STRING_CATALOGS = YES;
				MTL_ENABLE_DEBUG_INFO = INCLUDE_SOURCE;
				MTL_FAST_MATH = YES;
				ONLY_ACTIVE_ARCH = YES;
				SDKROOT = iphoneos;
				SWIFT_ACTIVE_COMPILATION_CONDITIONS = "DEBUG $(inherited)";
				SWIFT_OPTIMIZATION_LEVEL = "-Onone";
			};
			name = Debug;
		};
		A0F7FD7C2EAAC1F0002683D0 /* Release */ = {
			isa = XCBuildConfiguration;
			buildSettings = {
				ALWAYS_SEARCH_USER_PATHS = NO;
				ASSETCATALOG_COMPILER_GENERATE_SWIFT_ASSET_SYMBOL_EXTENSIONS = YES;
				CLANG_ANALYZER_NONNULL = YES;
				CLANG_ANALYZER_NUMBER_OBJECT_CONVERSION = YES_AGGRESSIVE;
				CLANG_CXX_LANGUAGE_STANDARD = "gnu++20";
				CLANG_ENABLE_MODULES = YES;
				CLANG_ENABLE_OBJC_ARC = YES;
				CLANG_ENABLE_OBJC_WEAK = YES;
				CLANG_WARN_BLOCK_CAPTURE_AUTORELEASING = YES;
				CLANG_WARN_BOOL_CONVERSION = YES;
				CLANG_WARN_COMMA = YES;
				CLANG_WARN_CONSTANT_CONVERSION = YES;
				CLANG_WARN_DEPRECATED_OBJC_IMPLEMENTATIONS = YES;
				CLANG_WARN_DIRECT_OBJC_ISA_USAGE = YES_ERROR;
				CLANG_WARN_DOCUMENTATION_COMMENTS = YES;
				CLANG_WARN_EMPTY_BODY = YES;
				CLANG_WARN_ENUM_CONVERSION = YES;
				CLANG_WARN_INFINITE_RECURSION = YES;
				CLANG_WARN_INT_CONVERSION = YES;
				CLANG_WARN_NON_LITERAL_NULL_CONVERSION = YES;
				CLANG_WARN_OBJC_IMPLICIT_RETAIN_SELF = YES;
				CLANG_WARN_OBJC_LITERAL_CONVERSION = YES;
				CLANG_WARN_OBJC_ROOT_CLASS = YES_ERROR;
				CLANG_WARN_QUOTED_INCLUDE_IN_FRAMEWORK_HEADER = YES;
				CLANG_WARN_RANGE_LOOP_ANALYSIS = YES;
				CLANG_WARN_STRICT_PROTOTYPES = YES;
				CLANG_WARN_SUSPICIOUS_MOVE = YES;
				CLANG_WARN_UNGUARDED_AVAILABILITY = YES_AGGRESSIVE;
				CLANG_WARN_UNREACHABLE_CODE = YES;
				CLANG_WARN__DUPLICATE_METHOD_MATCH = YES;
				COPY_PHASE_STRIP = NO;
				DEBUG_INFORMATION_FORMAT = "dwarf-with-dsym";
				ENABLE_NS_ASSERTIONS = NO;
				ENABLE_STRICT_OBJC_MSGSEND = YES;
				ENABLE_USER_SCRIPT_SANDBOXING = YES;
				GCC_C_LANGUAGE_STANDARD = gnu17;
				GCC_NO_COMMON_BLOCKS = YES;
				GCC_WARN_64_TO_32_BIT_CONVERSION = YES;
				GCC_WARN_ABOUT_RETURN_TYPE = YES_ERROR;
				GCC_WARN_UNDECLARED_SELECTOR = YES;
				GCC_WARN_UNINITIALIZED_AUTOS = YES_AGGRESSIVE;
				GCC_WARN_UNUSED_FUNCTION = YES;
				GCC_WARN_UNUSED_VARIABLE = YES;
				IPHONEOS_DEPLOYMENT_TARGET = 26.0;
				LOCALIZATION_PREFERS_STRING_CATALOGS = YES;
				MTL_ENABLE_DEBUG_INFO = NO;
				MTL_FAST_MATH = YES;
				SDKROOT = iphoneos;
				SWIFT_COMPILATION_MODE = wholemodule;
				VALIDATE_PRODUCT = YES;
			};
			name = Release;
		};
		A0F7FD7E2EAAC1F0002683D0 /* Debug */ = {
			isa = XCBuildConfiguration;
			buildSettings = {
				ASSETCATALOG_COMPILER_APPICON_NAME = AppIcon;
				ASSETCATALOG_COMPILER_GLOBAL_ACCENT_COLOR_NAME = AccentColor;
				CODE_SIGN_STYLE = Automatic;
				CURRENT_PROJECT_VERSION = 1;
				DEVELOPMENT_TEAM = ZN5GXT4DBF;
				ENABLE_PREVIEWS = YES;
				GENERATE_INFOPLIST_FILE = YES;
				INFOPLIST_KEY_UIApplicationSceneManifest_Generation = YES;
				INFOPLIST_KEY_UIApplicationSupportsIndirectInputEvents = YES;
				INFOPLIST_KEY_UILaunchScreen_Generation = YES;
				INFOPLIST_KEY_UISupportedInterfaceOrientations_iPad = "UIInterfaceOrientationPortrait UIInterfaceOrientationPortraitUpsideDown UIInterfaceOrientationLandscapeLeft UIInterfaceOrientationLandscapeRight";
				INFOPLIST_KEY_UISupportedInterfaceOrientations_iPhone = "UIInterfaceOrientationPortrait UIInterfaceOrientationLandscapeLeft UIInterfaceOrientationLandscapeRight";
				LD_RUNPATH_SEARCH_PATHS = (
					"$(inherited)",
					"@executable_path/Frameworks",
				);
				MARKETING_VERSION = 1.0;
				PRODUCT_BUNDLE_IDENTIFIER = Konstantin.Balance;
				PRODUCT_NAME = "$(TARGET_NAME)";
				STRING_CATALOG_GENERATE_SYMBOLS = YES;
				SWIFT_APPROACHABLE_CONCURRENCY = YES;
				SWIFT_DEFAULT_ACTOR_ISOLATION = MainActor;
				SWIFT_EMIT_LOC_STRINGS = YES;
				SWIFT_UPCOMING_FEATURE_MEMBER_IMPORT_VISIBILITY = YES;
				SWIFT_VERSION = 5.0;
				TARGETED_DEVICE_FAMILY = "1,2";
			};
			name = Debug;
		};
		A0F7FD7F2EAAC1F0002683D0 /* Release */ = {
			isa = XCBuildConfiguration;
			buildSettings = {
				ASSETCATALOG_COMPILER_APPICON_NAME = AppIcon;
				ASSETCATALOG_COMPILER_GLOBAL_ACCENT_COLOR_NAME = AccentColor;
				CODE_SIGN_STYLE = Automatic;
				CURRENT_PROJECT_VERSION = 1;
				DEVELOPMENT_TEAM = ZN5GXT4DBF;
				ENABLE_PREVIEWS = YES;
				GENERATE_INFOPLIST_FILE = YES;
				INFOPLIST_KEY_UIApplicationSceneManifest_Generation = YES;
				INFOPLIST_KEY_UIApplicationSupportsIndirectInputEvents = YES;
				INFOPLIST_KEY_UILaunchScreen_Generation = YES;
				INFOPLIST_KEY_UISupportedInterfaceOrientations_iPad = "UIInterfaceOrientationPortrait UIInterfaceOrientationPortraitUpsideDown UIInterfaceOrientationLandscapeLeft UIInterfaceOrientationLandscapeRight";
				INFOPLIST_KEY_UISupportedInterfaceOrientations_iPhone = "UIInterfaceOrientationPortrait UIInterfaceOrientationLandscapeLeft UIInterfaceOrientationLandscapeRight";
				LD_RUNPATH_SEARCH_PATHS = (
					"$(inherited)",
					"@executable_path/Frameworks",
				);
				MARKETING_VERSION = 1.0;
				PRODUCT_BUNDLE_IDENTIFIER = Konstantin.Balance;
				PRODUCT_NAME = "$(TARGET_NAME)";
				STRING_CATALOG_GENERATE_SYMBOLS = YES;
				SWIFT_APPROACHABLE_CONCURRENCY = YES;
				SWIFT_DEFAULT_ACTOR_ISOLATION = MainActor;
				SWIFT_EMIT_LOC_STRINGS = YES;
				SWIFT_UPCOMING_FEATURE_MEMBER_IMPORT_VISIBILITY = YES;
				SWIFT_VERSION = 5.0;
				TARGETED_DEVICE_FAMILY = "1,2";
			};
			name = Release;
		};
/* End XCBuildConfiguration section */

/* Begin XCConfigurationList section */
		A0F7FD682EAAC1EF002683D0 /* Build configuration list for PBXProject "Balance" */ = {
			isa = XCConfigurationList;
			buildConfigurations = (
				A0F7FD7B2EAAC1F0002683D0 /* Debug */,
				A0F7FD7C2EAAC1F0002683D0 /* Release */,
			);
			defaultConfigurationIsVisible = 0;
			defaultConfigurationName = Release;
		};
		A0F7FD7D2EAAC1F0002683D0 /* Build configuration list for PBXNativeTarget "Balance" */ = {
			isa = XCConfigurationList;
			buildConfigurations = (
				A0F7FD7E2EAAC1F0002683D0 /* Debug */,
				A0F7FD7F2EAAC1F0002683D0 /* Release */,
			);
			defaultConfigurationIsVisible = 0;
			defaultConfigurationName = Release;
		};
/* End XCConfigurationList section */

/* Begin XCRemoteSwiftPackageReference section */
		A0A332D62EB6B17B000A0EB0 /* XCRemoteSwiftPackageReference "generative-ai-swift" */ = {
			isa = XCRemoteSwiftPackageReference;
			repositoryURL = "https://github.com/google/generative-ai-swift";
			requirement = {
				kind = upToNextMajorVersion;
				minimumVersion = 0.5.6;
			};
		};
/* End XCRemoteSwiftPackageReference section */

/* Begin XCSwiftPackageProductDependency section */
		A0A332D72EB6B17B000A0EB0 /* GoogleGenerativeAI */ = {
			isa = XCSwiftPackageProductDependency;
			package = A0A332D62EB6B17B000A0EB0 /* XCRemoteSwiftPackageReference "generative-ai-swift" */;
			productName = GoogleGenerativeAI;
		};
/* End XCSwiftPackageProductDependency section */

/* Begin XCVersionGroup section */
		A0F7FD782EAAC1F0002683D0 /* Balance.xcdatamodeld */ = {
			isa = XCVersionGroup;
			children = (
				A0F7FD792EAAC1F0002683D0 /* Balance.xcdatamodel */,
			);
			currentVersion = A0F7FD792EAAC1F0002683D0 /* Balance.xcdatamodel */;
			path = Balance.xcdatamodeld;
			sourceTree = "<group>";
			versionGroupType = wrapper.xcdatamodel;
		};
/* End XCVersionGroup section */
	};
	rootObject = A0F7FD652EAAC1EF002683D0 /* Project object */;
}
